<?xml version="1.0" encoding="utf-8"?>
<Project ToolsVersion="4.0" xmlns="http://schemas.microsoft.com/developer/msbuild/2003">
  <ItemGroup>
    <Filter Include="Source Files">
      <UniqueIdentifier>{4FC737F1-C7A5-4376-A066-2A32D752A2FF}</UniqueIdentifier>
      <Extensions>cpp;c;cc;cxx;def;odl;idl;hpj;bat;asm;asmx</Extensions>
    </Filter>
    <Filter Include="Header Files">
      <UniqueIdentifier>{93995380-89BD-4b04-88EB-625FBE52EBFB}</UniqueIdentifier>
      <Extensions>h;hh;hpp;hxx;hm;inl;inc;ipp;xsd</Extensions>
    </Filter>
    <Filter Include="Resource Files">
      <UniqueIdentifier>{67DA6AB6-F800-4c08-8B7A-83BB121AAD01}</UniqueIdentifier>
      <Extensions>rc;ico;cur;bmp;dlg;rc2;rct;bin;rgs;gif;jpg;jpeg;jpe;resx;tiff;tif;png;wav;mfcribbon-ms</Extensions>
    </Filter>
  </ItemGroup>
  <ItemGroup>
    <ClInclude Include="pch.h">
      <Filter>Header Files</Filter>
    </ClInclude>
    <ClInclude Include="resource.h">
      <Filter>Header Files</Filter>
    </ClInclude>
    <ClInclude Include="Util.h">
      <Filter>Header Files</Filter>
    </ClInclude>
    <ClInclude Include="Globals.h">
      <Filter>Header Files</Filter>
    </ClInclude>
    <ClInclude Include="Experiment.h">
      <Filter>Header Files</Filter>
    </ClInclude>
    <ClInclude Include="FeedForwardANN.h">
      <Filter>Header Files</Filter>
    </ClInclude>
    <ClInclude Include="SUNFeedForwardANN.h">
      <Filter>Header Files</Filter>
    </ClInclude>
    <ClInclude Include="SUNAdaptiveController.h">
      <Filter>Header Files</Filter>
    </ClInclude>
    <ClInclude Include="NetworkDelayedReinforceController.h">
      <Filter>Header Files</Filter>
    </ClInclude>
    <ClInclude Include="NetworkImmediateReinforceController.h">
      <Filter>Header Files</Filter>
    </ClInclude>
    <ClInclude Include="SUNDelayedReinforceController.h">
      <Filter>Header Files</Filter>
    </ClInclude>
    <ClInclude Include="SUNImmediateReinforceController.h">
      <Filter>Header Files</Filter>
    </ClInclude>
    <ClInclude Include="UnitDelayedReinforceController.h">
      <Filter>Header Files</Filter>
    </ClInclude>
    <ClInclude Include="UnitImmediateReinforceController.h">
      <Filter>Header Files</Filter>
    </ClInclude>
    <ClInclude Include="DatasetGenImmediateReinforceController.h">
      <Filter>Header Files</Filter>
    </ClInclude>
    <ClInclude Include="DatasetGenDelayedReinforceController.h">
      <Filter>Header Files</Filter>
    </ClInclude>
    <ClInclude Include="Logger.h">
      <Filter>Header Files</Filter>
    </ClInclude>
    <ClInclude Include="SynapseDelayedReinforceController.h">
      <Filter>Header Files</Filter>
    </ClInclude>
    <ClInclude Include="SynapseImmediateReinforceController.h">
      <Filter>Header Files</Filter>
    </ClInclude>
  </ItemGroup>
  <ItemGroup>
    <ClCompile Include="pch.cpp">
      <Filter>Source Files</Filter>
    </ClCompile>
    <ClCompile Include="REINFORCE_SUN.cpp">
      <Filter>Source Files</Filter>
    </ClCompile>
    <ClCompile Include="Experiment.cpp">
      <Filter>Source Files</Filter>
    </ClCompile>
    <ClCompile Include="FeedForwardANN.cpp">
      <Filter>Source Files</Filter>
    </ClCompile>
    <ClCompile Include="SUNFeedForwardANN.cpp">
      <Filter>Source Files</Filter>
    </ClCompile>
    <ClCompile Include="SUNAdaptiveController.cpp">
      <Filter>Source Files</Filter>
    </ClCompile>
    <ClCompile Include="NetworkDelayedReinforceController.cpp">
      <Filter>Source Files</Filter>
    </ClCompile>
    <ClCompile Include="NetworkImmediateReinforceController.cpp">
      <Filter>Source Files</Filter>
    </ClCompile>
    <ClCompile Include="SUNDelayedReinforceController.cpp">
      <Filter>Source Files</Filter>
    </ClCompile>
    <ClCompile Include="SUNImmediateReinforceController.cpp">
      <Filter>Source Files</Filter>
    </ClCompile>
    <ClCompile Include="UnitDelayedReinforceController.cpp">
      <Filter>Source Files</Filter>
    </ClCompile>
    <ClCompile Include="UnitImmediateReinforceController.cpp">
      <Filter>Source Files</Filter>
    </ClCompile>
    <ClCompile Include="DatasetGenImmediateReinforceController.cpp">
      <Filter>Source Files</Filter>
    </ClCompile>
    <ClCompile Include="DatasetGenDelayedReinforceController.cpp">
      <Filter>Source Files</Filter>
    </ClCompile>
    <ClCompile Include="Logger.cpp">
      <Filter>Source Files</Filter>
    </ClCompile>
    <ClCompile Include="SynapseDelayedReinforceController.cpp">
      <Filter>Source Files</Filter>
    </ClCompile>
    <ClCompile Include="SynapseImmediateReinforceController.cpp">
      <Filter>Source Files</Filter>
    </ClCompile>
  </ItemGroup>
  <ItemGroup>
    <ResourceCompile Include="REINFORCE_SUN.rc">
      <Filter>Resource Files</Filter>
    </ResourceCompile>
  </ItemGroup>
</Project>